{
  "nodes": {
    "ferrix": {
      "locked": {
        "lastModified": 1758552051,
        "narHash": "sha256-vDLXTfMEvV+eZKMguYqQ+UnoB12AWHPydwKdWrYTmU4=",
        "owner": "ryanccn",
        "repo": "ferrix",
        "rev": "f2ca4fe93df43f1a73008dbdc65e391b104fc2bd",
        "type": "github"
      },
      "original": {
        "owner": "ryanccn",
        "repo": "ferrix",
        "type": "github"
      }
    },
    "nixpkgs": {
      "locked": {
        "lastModified": 1758446476,
        "narHash": "sha256-5rdAi7CTvM/kSs6fHe1bREIva5W3TbImsto+dxG4mBo=",
        "owner": "NixOS",
        "repo": "nixpkgs",
        "rev": "a1f79a1770d05af18111fbbe2a3ab2c42c0f6cd0",
        "type": "github"
      },
      "original": {
        "owner": "NixOS",
        "ref": "nixpkgs-unstable",
        "repo": "nixpkgs",
        "type": "github"
      }
    },
    "root": {
      "inputs": {
        "ferrix": "ferrix",
        "nixpkgs": "nixpkgs"
      }
    }
  },
  "root": "root",
  "version": 7
}
