{
  "nodes": {
    "ferrix": {
      "locked": {
        "lastModified": 1773169879,
        "narHash": "sha256-G2QsqjQXhyz/8W11FlWLRTq2ftFenbwEl0dbTspZans=",
        "owner": "ryanccn",
        "repo": "ferrix",
        "rev": "a133d72dad219a6c16c12aea9202e2b0e8baff49",
        "type": "github"
      },
      "original": {
        "owner": "ryanccn",
        "repo": "ferrix",
        "type": "github"
      }
    },
    "nixpkgs": {
      "locked": {
        "lastModified": 1775064974,
        "narHash": "sha256-fp7+8MzxHrIixIIVvyORI2XpqpQnxf8NodmEHy8rczg=",
        "owner": "NixOS",
        "repo": "nixpkgs",
        "rev": "6ebfbc38bdc6b22822a6f991f2d922306f33cfbc",
        "type": "github"
      },
      "original": {
        "owner": "NixOS",
        "ref": "nixpkgs-unstable",
        "repo": "nixpkgs",
        "type": "github"
      }
    },
    "root": {
      "inputs": {
        "ferrix": "ferrix",
        "nixpkgs": "nixpkgs"
      }
    }
  },
  "root": "root",
  "version": 7
}
